
Microsoft Visual Studio Solution File, Format Version 12.00
# Visual Studio Version 17
VisualStudioVersion = 17.4.33110.190
MinimumVisualStudioVersion = 10.0.40219.1
Project("{FAE04EC0-301F-11D3-BF4B-00C04F79EFBC}") = "CLI6", "CLI6\CLI6.csproj", "{C8A612AF-4AE0-47B1-9733-E2BC174D6172}"
EndProject
Global
	GlobalSection(SolutionConfigurationPlatforms) = preSolution
		Debug|Any CPU = Debug|Any CPU
		Release|Any CPU = Release|Any CPU
	EndGlobalSection
	GlobalSection(ProjectConfigurationPlatforms) = postSolution
		{C8A612AF-4AE0-47B1-9733-E2BC174D6172}.Debug|Any CPU.ActiveCfg = Debug|Any CPU
		{C8A612AF-4AE0-47B1-9733-E2BC174D6172}.Debug|Any CPU.Build.0 = Debug|Any CPU
		{C8A612AF-4AE0-47B1-9733-E2BC174D6172}.Release|Any CPU.ActiveCfg = Release|Any CPU
		{C8A612AF-4AE0-47B1-9733-E2BC174D6172}.Release|Any CPU.Build.0 = Release|Any CPU
	EndGlobalSection
	GlobalSection(SolutionProperties) = preSolution
		HideSolutionNode = FALSE
	EndGlobalSection
	GlobalSection(ExtensibilityGlobals) = postSolution
		SolutionGuid = {E7B0EB7D-AD9C-4861-BF5A-FE6F94EBA512}
	EndGlobalSection
EndGlobal
