
Microsoft Visual Studio Solution File, Format Version 12.00
# Visual Studio Version 17
VisualStudioVersion = 17.4.33110.190
MinimumVisualStudioVersion = 10.0.40219.1
Project("{FAE04EC0-301F-11D3-BF4B-00C04F79EFBC}") = "CLI7", "CLI7\CLI7.csproj", "{2A2D976C-EC22-4C8D-A8A2-2E4620CB03D0}"
EndProject
Global
	GlobalSection(SolutionConfigurationPlatforms) = preSolution
		Debug|Any CPU = Debug|Any CPU
		Release|Any CPU = Release|Any CPU
	EndGlobalSection
	GlobalSection(ProjectConfigurationPlatforms) = postSolution
		{2A2D976C-EC22-4C8D-A8A2-2E4620CB03D0}.Debug|Any CPU.ActiveCfg = Debug|Any CPU
		{2A2D976C-EC22-4C8D-A8A2-2E4620CB03D0}.Debug|Any CPU.Build.0 = Debug|Any CPU
		{2A2D976C-EC22-4C8D-A8A2-2E4620CB03D0}.Release|Any CPU.ActiveCfg = Release|Any CPU
		{2A2D976C-EC22-4C8D-A8A2-2E4620CB03D0}.Release|Any CPU.Build.0 = Release|Any CPU
	EndGlobalSection
	GlobalSection(SolutionProperties) = preSolution
		HideSolutionNode = FALSE
	EndGlobalSection
	GlobalSection(ExtensibilityGlobals) = postSolution
		SolutionGuid = {4C96B99D-C25F-4E48-83E0-CEB67B7A34E3}
	EndGlobalSection
EndGlobal
